
Microsoft Visual Studio Solution File, Format Version 12.00
# Visual Studio Version 17
VisualStudioVersion = 17.0.31903.59
MinimumVisualStudioVersion = 10.0.40219.1
Project("{FAE04EC0-301F-11D3-BF4B-00C04F79EFBC}") = "TodoApp", "TodoApp\TodoApp.csproj", "{33ACFE0B-476C-4E34-AD79-0EF57678D637}"
EndProject
Project("{FAE04EC0-301F-11D3-BF4B-00C04F79EFBC}") = "TodoApp.Tests", "TodoApp.Tests\TodoApp.Tests.csproj", "{E9C00321-5398-4E22-888C-8C45F7F73582}"
EndProject
Global
	GlobalSection(SolutionConfigurationPlatforms) = preSolution
		Debug|Any CPU = Debug|Any CPU
		Release|Any CPU = Release|Any CPU
	EndGlobalSection
	GlobalSection(SolutionProperties) = preSolution
		HideSolutionNode = FALSE
	EndGlobalSection
	GlobalSection(ProjectConfigurationPlatforms) = postSolution
		{33ACFE0B-476C-4E34-AD79-0EF57678D637}.Debug|Any CPU.ActiveCfg = Debug|Any CPU
		{33ACFE0B-476C-4E34-AD79-0EF57678D637}.Debug|Any CPU.Build.0 = Debug|Any CPU
		{33ACFE0B-476C-4E34-AD79-0EF57678D637}.Release|Any CPU.ActiveCfg = Release|Any CPU
		{33ACFE0B-476C-4E34-AD79-0EF57678D637}.Release|Any CPU.Build.0 = Release|Any CPU
		{E9C00321-5398-4E22-888C-8C45F7F73582}.Debug|Any CPU.ActiveCfg = Debug|Any CPU
		{E9C00321-5398-4E22-888C-8C45F7F73582}.Debug|Any CPU.Build.0 = Debug|Any CPU
		{E9C00321-5398-4E22-888C-8C45F7F73582}.Release|Any CPU.ActiveCfg = Release|Any CPU
		{E9C00321-5398-4E22-888C-8C45F7F73582}.Release|Any CPU.Build.0 = Release|Any CPU
	EndGlobalSection
EndGlobal
